
Microsoft Visual Studio Solution File, Format Version 12.00
# Visual Studio Version 18
VisualStudioVersion = 18.0.11222.15 d18.0
MinimumVisualStudioVersion = 15.0.26124.0
Project("{F2A71F9B-5D33-465A-A702-920D77279786}") = "AoC19", "AoC19\fs\AoC19.fsproj", "{025BD98D-E11A-4815-809A-81A9F3C5CD16}"
EndProject
Project("{FAE04EC0-301F-11D3-BF4B-00C04F79EFBC}") = "AoC18", "AoC18\AoC18.csproj", "{F364E4C1-792B-4E71-AEFA-E0ED6D664A48}"
EndProject
Project("{FAE04EC0-301F-11D3-BF4B-00C04F79EFBC}") = "AoC17", "AoC17\cs\AoC17.csproj", "{1284545F-9BFD-436C-AD60-483D70EB014E}"
EndProject
Project("{FAE04EC0-301F-11D3-BF4B-00C04F79EFBC}") = "AoC21", "AoC21\AoC21.csproj", "{36A6F793-4799-1C7B-2E5F-B8AE60FD8301}"
EndProject
Global
	GlobalSection(SolutionConfigurationPlatforms) = preSolution
		Debug|Any CPU = Debug|Any CPU
		Debug|x64 = Debug|x64
		Debug|x86 = Debug|x86
		Release|Any CPU = Release|Any CPU
		Release|x64 = Release|x64
		Release|x86 = Release|x86
	EndGlobalSection
	GlobalSection(ProjectConfigurationPlatforms) = postSolution
		{025BD98D-E11A-4815-809A-81A9F3C5CD16}.Debug|Any CPU.ActiveCfg = Debug|Any CPU
		{025BD98D-E11A-4815-809A-81A9F3C5CD16}.Debug|Any CPU.Build.0 = Debug|Any CPU
		{025BD98D-E11A-4815-809A-81A9F3C5CD16}.Debug|x64.ActiveCfg = Debug|Any CPU
		{025BD98D-E11A-4815-809A-81A9F3C5CD16}.Debug|x64.Build.0 = Debug|Any CPU
		{025BD98D-E11A-4815-809A-81A9F3C5CD16}.Debug|x86.ActiveCfg = Debug|Any CPU
		{025BD98D-E11A-4815-809A-81A9F3C5CD16}.Debug|x86.Build.0 = Debug|Any CPU
		{025BD98D-E11A-4815-809A-81A9F3C5CD16}.Release|Any CPU.ActiveCfg = Release|Any CPU
		{025BD98D-E11A-4815-809A-81A9F3C5CD16}.Release|Any CPU.Build.0 = Release|Any CPU
		{025BD98D-E11A-4815-809A-81A9F3C5CD16}.Release|x64.ActiveCfg = Release|Any CPU
		{025BD98D-E11A-4815-809A-81A9F3C5CD16}.Release|x64.Build.0 = Release|Any CPU
		{025BD98D-E11A-4815-809A-81A9F3C5CD16}.Release|x86.ActiveCfg = Release|Any CPU
		{025BD98D-E11A-4815-809A-81A9F3C5CD16}.Release|x86.Build.0 = Release|Any CPU
		{F364E4C1-792B-4E71-AEFA-E0ED6D664A48}.Debug|Any CPU.ActiveCfg = Debug|Any CPU
		{F364E4C1-792B-4E71-AEFA-E0ED6D664A48}.Debug|Any CPU.Build.0 = Debug|Any CPU
		{F364E4C1-792B-4E71-AEFA-E0ED6D664A48}.Debug|x64.ActiveCfg = Debug|Any CPU
		{F364E4C1-792B-4E71-AEFA-E0ED6D664A48}.Debug|x64.Build.0 = Debug|Any CPU
		{F364E4C1-792B-4E71-AEFA-E0ED6D664A48}.Debug|x86.ActiveCfg = Debug|Any CPU
		{F364E4C1-792B-4E71-AEFA-E0ED6D664A48}.Debug|x86.Build.0 = Debug|Any CPU
		{F364E4C1-792B-4E71-AEFA-E0ED6D664A48}.Release|Any CPU.ActiveCfg = Release|Any CPU
		{F364E4C1-792B-4E71-AEFA-E0ED6D664A48}.Release|Any CPU.Build.0 = Release|Any CPU
		{F364E4C1-792B-4E71-AEFA-E0ED6D664A48}.Release|x64.ActiveCfg = Release|Any CPU
		{F364E4C1-792B-4E71-AEFA-E0ED6D664A48}.Release|x64.Build.0 = Release|Any CPU
		{F364E4C1-792B-4E71-AEFA-E0ED6D664A48}.Release|x86.ActiveCfg = Release|Any CPU
		{F364E4C1-792B-4E71-AEFA-E0ED6D664A48}.Release|x86.Build.0 = Release|Any CPU
		{1284545F-9BFD-436C-AD60-483D70EB014E}.Debug|Any CPU.ActiveCfg = Debug|Any CPU
		{1284545F-9BFD-436C-AD60-483D70EB014E}.Debug|Any CPU.Build.0 = Debug|Any CPU
		{1284545F-9BFD-436C-AD60-483D70EB014E}.Debug|x64.ActiveCfg = Debug|Any CPU
		{1284545F-9BFD-436C-AD60-483D70EB014E}.Debug|x64.Build.0 = Debug|Any CPU
		{1284545F-9BFD-436C-AD60-483D70EB014E}.Debug|x86.ActiveCfg = Debug|Any CPU
		{1284545F-9BFD-436C-AD60-483D70EB014E}.Debug|x86.Build.0 = Debug|Any CPU
		{1284545F-9BFD-436C-AD60-483D70EB014E}.Release|Any CPU.ActiveCfg = Release|Any CPU
		{1284545F-9BFD-436C-AD60-483D70EB014E}.Release|Any CPU.Build.0 = Release|Any CPU
		{1284545F-9BFD-436C-AD60-483D70EB014E}.Release|x64.ActiveCfg = Release|Any CPU
		{1284545F-9BFD-436C-AD60-483D70EB014E}.Release|x64.Build.0 = Release|Any CPU
		{1284545F-9BFD-436C-AD60-483D70EB014E}.Release|x86.ActiveCfg = Release|Any CPU
		{1284545F-9BFD-436C-AD60-483D70EB014E}.Release|x86.Build.0 = Release|Any CPU
		{36A6F793-4799-1C7B-2E5F-B8AE60FD8301}.Debug|Any CPU.ActiveCfg = Debug|Any CPU
		{36A6F793-4799-1C7B-2E5F-B8AE60FD8301}.Debug|Any CPU.Build.0 = Debug|Any CPU
		{36A6F793-4799-1C7B-2E5F-B8AE60FD8301}.Debug|x64.ActiveCfg = Debug|Any CPU
		{36A6F793-4799-1C7B-2E5F-B8AE60FD8301}.Debug|x64.Build.0 = Debug|Any CPU
		{36A6F793-4799-1C7B-2E5F-B8AE60FD8301}.Debug|x86.ActiveCfg = Debug|Any CPU
		{36A6F793-4799-1C7B-2E5F-B8AE60FD8301}.Debug|x86.Build.0 = Debug|Any CPU
		{36A6F793-4799-1C7B-2E5F-B8AE60FD8301}.Release|Any CPU.ActiveCfg = Release|Any CPU
		{36A6F793-4799-1C7B-2E5F-B8AE60FD8301}.Release|Any CPU.Build.0 = Release|Any CPU
		{36A6F793-4799-1C7B-2E5F-B8AE60FD8301}.Release|x64.ActiveCfg = Release|Any CPU
		{36A6F793-4799-1C7B-2E5F-B8AE60FD8301}.Release|x64.Build.0 = Release|Any CPU
		{36A6F793-4799-1C7B-2E5F-B8AE60FD8301}.Release|x86.ActiveCfg = Release|Any CPU
		{36A6F793-4799-1C7B-2E5F-B8AE60FD8301}.Release|x86.Build.0 = Release|Any CPU
	EndGlobalSection
	GlobalSection(SolutionProperties) = preSolution
		HideSolutionNode = FALSE
	EndGlobalSection
	GlobalSection(ExtensibilityGlobals) = postSolution
		SolutionGuid = {829E0A67-98DA-4829-8811-5A3F3B980149}
	EndGlobalSection
EndGlobal
