
Microsoft Visual Studio Solution File, Format Version 12.00
# Visual Studio Version 16
VisualStudioVersion = 16.0.808.3
MinimumVisualStudioVersion = 10.0.40219.1
Project("{FAE04EC0-301F-11D3-BF4B-00C04F79EFBC}") = "AoC18", "AoC18.csproj", "{500B2BD2-2114-4241-B82F-39BBB8D0BF9C}"
EndProject
Global
	GlobalSection(SolutionConfigurationPlatforms) = preSolution
		Debug|Any CPU = Debug|Any CPU
		Release|Any CPU = Release|Any CPU
	EndGlobalSection
	GlobalSection(ProjectConfigurationPlatforms) = postSolution
		{500B2BD2-2114-4241-B82F-39BBB8D0BF9C}.Debug|Any CPU.ActiveCfg = Debug|Any CPU
		{500B2BD2-2114-4241-B82F-39BBB8D0BF9C}.Debug|Any CPU.Build.0 = Debug|Any CPU
		{500B2BD2-2114-4241-B82F-39BBB8D0BF9C}.Release|Any CPU.ActiveCfg = Release|Any CPU
		{500B2BD2-2114-4241-B82F-39BBB8D0BF9C}.Release|Any CPU.Build.0 = Release|Any CPU
	EndGlobalSection
	GlobalSection(SolutionProperties) = preSolution
		HideSolutionNode = FALSE
	EndGlobalSection
	GlobalSection(ExtensibilityGlobals) = postSolution
		SolutionGuid = {E56324AE-CBEF-4DC1-B415-7429BAF73F5F}
	EndGlobalSection
EndGlobal
